
Microsoft Visual Studio Solution File, Format Version 12.00
# Visual Studio Version 16
VisualStudioVersion = 16.0.31321.278
MinimumVisualStudioVersion = 10.0.40219.1
Project("{9A19103F-16F7-4668-BE54-9A1E7A4F7556}") = "reddit.detective.net", "reddit.detective.net\reddit.detective.net.csproj", "{8692ECAB-A30A-4CDF-88EF-E7FCB9D66CD6}"
EndProject
Project("{9A19103F-16F7-4668-BE54-9A1E7A4F7556}") = "reddit.detective.net.tests", "reddit.detective.net.tests\reddit.detective.net.tests.csproj", "{67FBC55E-6137-47A6-8401-0A62C40213DB}"
EndProject
Global
	GlobalSection(SolutionConfigurationPlatforms) = preSolution
		Debug|Any CPU = Debug|Any CPU
		Release|Any CPU = Release|Any CPU
	EndGlobalSection
	GlobalSection(ProjectConfigurationPlatforms) = postSolution
		{8692ECAB-A30A-4CDF-88EF-E7FCB9D66CD6}.Debug|Any CPU.ActiveCfg = Debug|Any CPU
		{8692ECAB-A30A-4CDF-88EF-E7FCB9D66CD6}.Debug|Any CPU.Build.0 = Debug|Any CPU
		{8692ECAB-A30A-4CDF-88EF-E7FCB9D66CD6}.Release|Any CPU.ActiveCfg = Release|Any CPU
		{8692ECAB-A30A-4CDF-88EF-E7FCB9D66CD6}.Release|Any CPU.Build.0 = Release|Any CPU
		{67FBC55E-6137-47A6-8401-0A62C40213DB}.Debug|Any CPU.ActiveCfg = Debug|Any CPU
		{67FBC55E-6137-47A6-8401-0A62C40213DB}.Debug|Any CPU.Build.0 = Debug|Any CPU
		{67FBC55E-6137-47A6-8401-0A62C40213DB}.Release|Any CPU.ActiveCfg = Release|Any CPU
		{67FBC55E-6137-47A6-8401-0A62C40213DB}.Release|Any CPU.Build.0 = Release|Any CPU
	EndGlobalSection
	GlobalSection(SolutionProperties) = preSolution
		HideSolutionNode = FALSE
	EndGlobalSection
	GlobalSection(ExtensibilityGlobals) = postSolution
		SolutionGuid = {65D0B912-C1B4-447D-8925-891226C31F42}
	EndGlobalSection
EndGlobal
